<?xml version="1.0" encoding="utf-8"?>
<Project ToolsVersion="4.0" xmlns="http://schemas.microsoft.com/developer/msbuild/2003">
  <ItemGroup>
    <Filter Include="源文件">
      <UniqueIdentifier>{4FC737F1-C7A5-4376-A066-2A32D752A2FF}</UniqueIdentifier>
      <Extensions>cpp;c;cc;cxx;def;odl;idl;hpj;bat;asm;asmx</Extensions>
    </Filter>
    <Filter Include="头文件">
      <UniqueIdentifier>{93995380-89BD-4b04-88EB-625FBE52EBFB}</UniqueIdentifier>
      <Extensions>h;hh;hpp;hxx;hm;inl;inc;xsd</Extensions>
    </Filter>
    <Filter Include="资源文件">
      <UniqueIdentifier>{67DA6AB6-F800-4c08-8B7A-83BB121AAD01}</UniqueIdentifier>
      <Extensions>rc;ico;cur;bmp;dlg;rc2;rct;bin;rgs;gif;jpg;jpeg;jpe;resx;tiff;tif;png;wav;mfcribbon-ms</Extensions>
    </Filter>
    <Filter Include="源文件\Base">
      <UniqueIdentifier>{028ddc1b-6167-4b39-8ba2-7c499e250436}</UniqueIdentifier>
    </Filter>
    <Filter Include="源文件\Math">
      <UniqueIdentifier>{b1e2d8fb-7777-4856-bca6-110769f30f4a}</UniqueIdentifier>
    </Filter>
    <Filter Include="源文件\Blend">
      <UniqueIdentifier>{f5c70c23-a3e9-42a1-ba1a-fc9eab0d10b3}</UniqueIdentifier>
    </Filter>
    <Filter Include="源文件\Buffer">
      <UniqueIdentifier>{fbc85abf-3271-4ee2-ae90-619970f3088d}</UniqueIdentifier>
    </Filter>
    <Filter Include="源文件\Platform">
      <UniqueIdentifier>{565de1ed-59e1-4135-8d3e-11b80e0df4c1}</UniqueIdentifier>
    </Filter>
    <Filter Include="源文件\Camera">
      <UniqueIdentifier>{308f0082-36fd-40a5-90d7-eca53d38a080}</UniqueIdentifier>
    </Filter>
    <Filter Include="源文件\Device">
      <UniqueIdentifier>{b341caf5-9f7a-4ee4-a691-1a4cebfac231}</UniqueIdentifier>
    </Filter>
    <Filter Include="源文件\Engine">
      <UniqueIdentifier>{5efd2bae-5396-4cfd-9704-8d4b8393db90}</UniqueIdentifier>
    </Filter>
    <Filter Include="源文件\Entity">
      <UniqueIdentifier>{fe189ff0-5861-401e-a952-09e94925d219}</UniqueIdentifier>
    </Filter>
    <Filter Include="源文件\Generator">
      <UniqueIdentifier>{bb7f1112-c65e-4686-b1cf-abc45a2a5aa1}</UniqueIdentifier>
    </Filter>
    <Filter Include="源文件\Layouts">
      <UniqueIdentifier>{8a3f2ebc-4c55-46c4-8e79-129f6317b88e}</UniqueIdentifier>
    </Filter>
    <Filter Include="源文件\Light">
      <UniqueIdentifier>{fcef3870-dfc5-4f49-b27f-420cb1b06863}</UniqueIdentifier>
    </Filter>
    <Filter Include="源文件\Material">
      <UniqueIdentifier>{5567c8a6-f3b2-4a87-be3a-04e95e397c58}</UniqueIdentifier>
    </Filter>
    <Filter Include="源文件\Ref">
      <UniqueIdentifier>{afafcabb-c8f3-4d60-811e-8bd5fd744157}</UniqueIdentifier>
    </Filter>
    <Filter Include="源文件\Render">
      <UniqueIdentifier>{b254281f-481e-44fb-854f-42bb59253471}</UniqueIdentifier>
    </Filter>
    <Filter Include="源文件\RenderObject">
      <UniqueIdentifier>{6dcfee7c-20d7-49ef-83ef-f340b97cea95}</UniqueIdentifier>
    </Filter>
    <Filter Include="源文件\Repertory">
      <UniqueIdentifier>{5274d9ef-e24f-4200-b365-0db9b02ab153}</UniqueIdentifier>
    </Filter>
    <Filter Include="源文件\Platform\D3D">
      <UniqueIdentifier>{d067e364-445a-4b3f-9808-f61f2d1e9fba}</UniqueIdentifier>
    </Filter>
    <Filter Include="源文件\Platform\D3D\D3D11">
      <UniqueIdentifier>{810cefb2-6fde-4fb8-84ca-2acdf49cc229}</UniqueIdentifier>
    </Filter>
    <Filter Include="源文件\Platform\D3D\D3D11\Blend">
      <UniqueIdentifier>{c6583c37-46b2-408b-9fff-9c1d0393b117}</UniqueIdentifier>
    </Filter>
    <Filter Include="源文件\Platform\D3D\D3D11\Buffer">
      <UniqueIdentifier>{2b818130-3762-4fca-937e-4cada913570c}</UniqueIdentifier>
    </Filter>
    <Filter Include="源文件\Platform\D3D\D3D11\Device">
      <UniqueIdentifier>{b12a64db-30e8-4225-9400-a244126e87f3}</UniqueIdentifier>
    </Filter>
    <Filter Include="源文件\Platform\D3D\D3D11\Layouts">
      <UniqueIdentifier>{5ea27fbc-6754-4a22-9cbc-e27f04cb2a92}</UniqueIdentifier>
    </Filter>
    <Filter Include="源文件\Stencil">
      <UniqueIdentifier>{fa85ee69-d2f9-482a-80a7-6521d26b6b84}</UniqueIdentifier>
    </Filter>
    <Filter Include="源文件\Platform\D3D\D3D11\Stencil">
      <UniqueIdentifier>{85800e1c-97f0-4cea-ad6c-0678bd68f4e3}</UniqueIdentifier>
    </Filter>
    <Filter Include="源文件\Texture">
      <UniqueIdentifier>{6a26090f-e191-4493-bd08-160bb0ed4031}</UniqueIdentifier>
    </Filter>
    <Filter Include="源文件\Platform\D3D\D3D11\Texture">
      <UniqueIdentifier>{660f7c76-8a1b-421f-b9fd-61585f3558dd}</UniqueIdentifier>
    </Filter>
    <Filter Include="源文件\Timer">
      <UniqueIdentifier>{60393599-c5e5-43e0-841a-68caf9718b51}</UniqueIdentifier>
    </Filter>
    <Filter Include="源文件\Shader">
      <UniqueIdentifier>{e71cc7ac-b421-481c-9a70-9d2ad221b27f}</UniqueIdentifier>
    </Filter>
    <Filter Include="源文件\Platform\D3D\D3D11\Shader">
      <UniqueIdentifier>{0d5dcff2-243e-4093-a17e-1c19cc398a5d}</UniqueIdentifier>
    </Filter>
    <Filter Include="源文件\Platform\D3D\D3D11\Repertory">
      <UniqueIdentifier>{4e272658-c60c-49ee-886e-84bb0586cede}</UniqueIdentifier>
    </Filter>
    <Filter Include="源文件\Platform\Windows">
      <UniqueIdentifier>{26673d61-5cbb-4567-87e5-e15cc5bccf9d}</UniqueIdentifier>
    </Filter>
    <Filter Include="源文件\Event">
      <UniqueIdentifier>{dd4f7ffe-8546-4eb1-9bf2-276baecf6552}</UniqueIdentifier>
    </Filter>
    <Filter Include="源文件\Event\Interface">
      <UniqueIdentifier>{e5f0bac2-63b9-472f-a9cb-a4b6c69d7511}</UniqueIdentifier>
    </Filter>
    <Filter Include="源文件\Scheduler">
      <UniqueIdentifier>{05b04a04-ef1e-4134-9469-8e6a3086598d}</UniqueIdentifier>
    </Filter>
    <Filter Include="源文件\External">
      <UniqueIdentifier>{15d62473-62fe-40dd-ba4e-73b5748b5218}</UniqueIdentifier>
    </Filter>
    <Filter Include="源文件\External\tinyxml2">
      <UniqueIdentifier>{51ef478f-d7ef-4a9a-903e-48aca7877c1d}</UniqueIdentifier>
    </Filter>
    <Filter Include="源文件\ViewPort">
      <UniqueIdentifier>{146f2bbe-4896-4be6-ac91-ebcdff90eacf}</UniqueIdentifier>
    </Filter>
    <Filter Include="源文件\Platform\D3D\D3D11\ViewPort">
      <UniqueIdentifier>{2e7b829e-8b0c-41bd-b20c-407d1a753943}</UniqueIdentifier>
    </Filter>
    <Filter Include="源文件\Effect">
      <UniqueIdentifier>{a0e0ac37-eb30-48df-965e-552b70e64d6e}</UniqueIdentifier>
    </Filter>
    <Filter Include="源文件\Parser">
      <UniqueIdentifier>{d6c651da-7129-41d3-9c6b-eaea9a3606e6}</UniqueIdentifier>
    </Filter>
  </ItemGroup>
  <ItemGroup>
    <ClInclude Include="Base\cwVector.h">
      <Filter>源文件\Base</Filter>
    </ClInclude>
    <ClInclude Include="Base\cwMap.h">
      <Filter>源文件\Base</Filter>
    </ClInclude>
    <ClInclude Include="Base\cwMacros.h">
      <Filter>源文件\Base</Filter>
    </ClInclude>
    <ClInclude Include="Base\cwBasicType.h">
      <Filter>源文件\Base</Filter>
    </ClInclude>
    <ClInclude Include="Base\cwStruct.h">
      <Filter>源文件\Base</Filter>
    </ClInclude>
    <ClInclude Include="Math\cwAABB.h">
      <Filter>源文件\Math</Filter>
    </ClInclude>
    <ClInclude Include="Math\cwCircle.h">
      <Filter>源文件\Math</Filter>
    </ClInclude>
    <ClInclude Include="Math\cwMath.h">
      <Filter>源文件\Math</Filter>
    </ClInclude>
    <ClInclude Include="Math\cwMathUtil.h">
      <Filter>源文件\Math</Filter>
    </ClInclude>
    <ClInclude Include="Math\cwMatrix4X4.h">
      <Filter>源文件\Math</Filter>
    </ClInclude>
    <ClInclude Include="Math\cwPlane.h">
      <Filter>源文件\Math</Filter>
    </ClInclude>
    <ClInclude Include="Math\cwPoint4D.h">
      <Filter>源文件\Math</Filter>
    </ClInclude>
    <ClInclude Include="Math\cwQuaternion.h">
      <Filter>源文件\Math</Filter>
    </ClInclude>
    <ClInclude Include="Math\cwRay.h">
      <Filter>源文件\Math</Filter>
    </ClInclude>
    <ClInclude Include="Math\cwVector2D.h">
      <Filter>源文件\Math</Filter>
    </ClInclude>
    <ClInclude Include="Math\cwVector3D.h">
      <Filter>源文件\Math</Filter>
    </ClInclude>
    <ClInclude Include="Math\cwVector4D.h">
      <Filter>源文件\Math</Filter>
    </ClInclude>
    <ClInclude Include="Base\cwUtils.h">
      <Filter>源文件\Base</Filter>
    </ClInclude>
    <ClInclude Include="cwMiniRender.h">
      <Filter>源文件</Filter>
    </ClInclude>
    <ClInclude Include="Blend\cwBlend.h">
      <Filter>源文件\Blend</Filter>
    </ClInclude>
    <ClInclude Include="Buffer\cwBuffer.h">
      <Filter>源文件\Buffer</Filter>
    </ClInclude>
    <ClInclude Include="Camera\cwCamera.h">
      <Filter>源文件\Camera</Filter>
    </ClInclude>
    <ClInclude Include="Base\cwColor.h">
      <Filter>源文件\Base</Filter>
    </ClInclude>
    <ClInclude Include="Base\cwRunTime.h">
      <Filter>源文件\Base</Filter>
    </ClInclude>
    <ClInclude Include="Base\cwStringConvert.h">
      <Filter>源文件\Base</Filter>
    </ClInclude>
    <ClInclude Include="Base\cwValueMap.h">
      <Filter>源文件\Base</Filter>
    </ClInclude>
    <ClInclude Include="Device\cwDevice.h">
      <Filter>源文件\Device</Filter>
    </ClInclude>
    <ClInclude Include="Engine\cwEngine.h">
      <Filter>源文件\Engine</Filter>
    </ClInclude>
    <ClInclude Include="Entity\cwEntity.h">
      <Filter>源文件\Entity</Filter>
    </ClInclude>
    <ClInclude Include="Entity\cwScene.h">
      <Filter>源文件\Entity</Filter>
    </ClInclude>
    <ClInclude Include="Generator\cwGeometryGenerator.h">
      <Filter>源文件\Generator</Filter>
    </ClInclude>
    <ClInclude Include="Layouts\cwLayouts.h">
      <Filter>源文件\Layouts</Filter>
    </ClInclude>
    <ClInclude Include="Layouts\cwLayoutsManager.h">
      <Filter>源文件\Layouts</Filter>
    </ClInclude>
    <ClInclude Include="Material\cwMaterial.h">
      <Filter>源文件\Material</Filter>
    </ClInclude>
    <ClInclude Include="Ref\cwAutoReleasePool.h">
      <Filter>源文件\Ref</Filter>
    </ClInclude>
    <ClInclude Include="Ref\cwRef.h">
      <Filter>源文件\Ref</Filter>
    </ClInclude>
    <ClInclude Include="RenderObject\cwDynamicRenderObject.h">
      <Filter>源文件\RenderObject</Filter>
    </ClInclude>
    <ClInclude Include="RenderObject\cwRenderObject.h">
      <Filter>源文件\RenderObject</Filter>
    </ClInclude>
    <ClInclude Include="RenderObject\cwStaticRenderObject.h">
      <Filter>源文件\RenderObject</Filter>
    </ClInclude>
    <ClInclude Include="Repertory\cwRepertory.h">
      <Filter>源文件\Repertory</Filter>
    </ClInclude>
    <ClInclude Include="Platform\D3D\D3D11\Layouts\cwD3D11Layouts.h">
      <Filter>源文件\Platform\D3D\D3D11\Layouts</Filter>
    </ClInclude>
    <ClInclude Include="Platform\D3D\D3D11\Device\cwD3D11Device.h">
      <Filter>源文件\Platform\D3D\D3D11\Device</Filter>
    </ClInclude>
    <ClInclude Include="Stencil\cwStencil.h">
      <Filter>源文件\Stencil</Filter>
    </ClInclude>
    <ClInclude Include="Platform\D3D\D3D11\Stencil\cwD3D11Stencil.h">
      <Filter>源文件\Platform\D3D\D3D11\Stencil</Filter>
    </ClInclude>
    <ClInclude Include="Texture\cwTexture.h">
      <Filter>源文件\Texture</Filter>
    </ClInclude>
    <ClInclude Include="Texture\cwTextureManager.h">
      <Filter>源文件\Texture</Filter>
    </ClInclude>
    <ClInclude Include="Platform\D3D\D3D11\Texture\cwD3D11Texture.h">
      <Filter>源文件\Platform\D3D\D3D11\Texture</Filter>
    </ClInclude>
    <ClInclude Include="Timer\cwTimer.h">
      <Filter>源文件\Timer</Filter>
    </ClInclude>
    <ClInclude Include="Shader\cwShaderConstant.h">
      <Filter>源文件\Shader</Filter>
    </ClInclude>
    <ClInclude Include="Shader\cwShader.h">
      <Filter>源文件\Shader</Filter>
    </ClInclude>
    <ClInclude Include="Platform\D3D\D3D11\Shader\cwD3D11Shader.h">
      <Filter>源文件\Platform\D3D\D3D11\Shader</Filter>
    </ClInclude>
    <ClInclude Include="Platform\cwPlatform.h">
      <Filter>源文件\Platform</Filter>
    </ClInclude>
    <ClInclude Include="Shader\cwShaderManager.h">
      <Filter>源文件\Shader</Filter>
    </ClInclude>
    <ClInclude Include="Entity\cwRenderNode.h">
      <Filter>源文件\Entity</Filter>
    </ClInclude>
    <ClInclude Include="Platform\D3D\D3D11\Layouts\cwD3D11LayoutsManager.h">
      <Filter>源文件\Platform\D3D\D3D11\Layouts</Filter>
    </ClInclude>
    <ClInclude Include="Platform\D3D\D3D11\Layouts\cwInputElementDescManager.h">
      <Filter>源文件\Platform\D3D\D3D11\Layouts</Filter>
    </ClInclude>
    <ClInclude Include="Platform\D3D\D3D11\Repertory\cwD3D11Repertory.h">
      <Filter>源文件\Platform\D3D\D3D11\Repertory</Filter>
    </ClInclude>
    <ClInclude Include="Platform\D3D\D3D11\Blend\cwD3D11Blend.h">
      <Filter>源文件\Platform\D3D\D3D11\Blend</Filter>
    </ClInclude>
    <ClInclude Include="Platform\cwFileSystem.h">
      <Filter>源文件\Platform</Filter>
    </ClInclude>
    <ClInclude Include="Platform\Windows\cwWinFileSystem.h">
      <Filter>源文件\Platform\Windows</Filter>
    </ClInclude>
    <ClInclude Include="Platform\D3D\D3D11\Shader\cwD3D11ShaderManager.h">
      <Filter>源文件\Platform\D3D\D3D11\Shader</Filter>
    </ClInclude>
    <ClInclude Include="Platform\Windows\cwWinApplication.h">
      <Filter>源文件\Platform\Windows</Filter>
    </ClInclude>
    <ClInclude Include="Event\cwEventListener.h">
      <Filter>源文件\Event</Filter>
    </ClInclude>
    <ClInclude Include="Event\cwEvent.h">
      <Filter>源文件\Event</Filter>
    </ClInclude>
    <ClInclude Include="Event\cwEventDefine.h">
      <Filter>源文件\Event</Filter>
    </ClInclude>
    <ClInclude Include="Event\cwTouchEvent.h">
      <Filter>源文件\Event</Filter>
    </ClInclude>
    <ClInclude Include="Event\cwEventManager.h">
      <Filter>源文件\Event</Filter>
    </ClInclude>
    <ClInclude Include="Event\cwTouchEventListener.h">
      <Filter>源文件\Event</Filter>
    </ClInclude>
    <ClInclude Include="Event\Interface\cwTouchEventInterface.h">
      <Filter>源文件\Event\Interface</Filter>
    </ClInclude>
    <ClInclude Include="Platform\D3D\D3D11\cwD3D11Utils.h">
      <Filter>源文件\Platform\D3D\D3D11</Filter>
    </ClInclude>
    <ClInclude Include="Platform\Windows\cwWinUtils.h">
      <Filter>源文件\Platform\Windows</Filter>
    </ClInclude>
    <ClInclude Include="Base\cwFuncNode.h">
      <Filter>源文件\Base</Filter>
    </ClInclude>
    <ClInclude Include="Scheduler\cwSchedulerManager.h">
      <Filter>源文件\Scheduler</Filter>
    </ClInclude>
    <ClInclude Include="Scheduler\cwScheduleInterface.h">
      <Filter>源文件\Scheduler</Filter>
    </ClInclude>
    <ClInclude Include="ViewPort\cwViewPort.h">
      <Filter>源文件\ViewPort</Filter>
    </ClInclude>
    <ClInclude Include="Platform\D3D\D3D11\ViewPort\cwD3D11ViewPort.h">
      <Filter>源文件\Platform\D3D\D3D11\ViewPort</Filter>
    </ClInclude>
    <ClInclude Include="Effect\cwEffect.h">
      <Filter>源文件\Effect</Filter>
    </ClInclude>
    <ClInclude Include="Render\cwRenderer.h">
      <Filter>源文件\Render</Filter>
    </ClInclude>
    <ClInclude Include="Camera\cwHomogeneousCamera.h">
      <Filter>源文件\Camera</Filter>
    </ClInclude>
    <ClInclude Include="Base\cwCommon.h">
      <Filter>源文件\Base</Filter>
    </ClInclude>
    <ClInclude Include="Entity\cwMirror.h">
      <Filter>源文件\Entity</Filter>
    </ClInclude>
    <ClInclude Include="external\json\include\json\assertions.h">
      <Filter>头文件</Filter>
    </ClInclude>
    <ClInclude Include="external\json\include\json\autolink.h">
      <Filter>头文件</Filter>
    </ClInclude>
    <ClInclude Include="external\json\include\json\config.h">
      <Filter>头文件</Filter>
    </ClInclude>
    <ClInclude Include="external\json\include\json\features.h">
      <Filter>头文件</Filter>
    </ClInclude>
    <ClInclude Include="external\json\include\json\forwards.h">
      <Filter>头文件</Filter>
    </ClInclude>
    <ClInclude Include="external\json\include\json\json.h">
      <Filter>头文件</Filter>
    </ClInclude>
    <ClInclude Include="external\json\include\json\reader.h">
      <Filter>头文件</Filter>
    </ClInclude>
    <ClInclude Include="external\json\include\json\value.h">
      <Filter>头文件</Filter>
    </ClInclude>
    <ClInclude Include="external\json\include\json\version.h">
      <Filter>头文件</Filter>
    </ClInclude>
    <ClInclude Include="external\json\include\json\writer.h">
      <Filter>头文件</Filter>
    </ClInclude>
    <ClInclude Include="external\json\lib_json\json_tool.h">
      <Filter>头文件</Filter>
    </ClInclude>
    <ClInclude Include="external\tinyxml2\tinyxml2.h">
      <Filter>头文件</Filter>
    </ClInclude>
    <ClInclude Include="external\uthash\include\utarray.h">
      <Filter>头文件</Filter>
    </ClInclude>
    <ClInclude Include="external\uthash\include\uthash.h">
      <Filter>头文件</Filter>
    </ClInclude>
    <ClInclude Include="external\uthash\include\utlist.h">
      <Filter>头文件</Filter>
    </ClInclude>
    <ClInclude Include="external\uthash\include\utstring.h">
      <Filter>头文件</Filter>
    </ClInclude>
    <ClInclude Include="Light\cwDirectionalLight.h">
      <Filter>头文件</Filter>
    </ClInclude>
    <ClInclude Include="Light\cwPointLight.h">
      <Filter>头文件</Filter>
    </ClInclude>
    <ClInclude Include="Light\cwSpotLight.h">
      <Filter>头文件</Filter>
    </ClInclude>
    <ClInclude Include="Light\cwLight.h">
      <Filter>头文件</Filter>
    </ClInclude>
    <ClInclude Include="Texture\cwTextureArray.h">
      <Filter>头文件</Filter>
    </ClInclude>
    <ClInclude Include="Platform\D3D\D3D11\Texture\cwD3D11TextureArray.h">
      <Filter>头文件</Filter>
    </ClInclude>
    <ClInclude Include="Platform\D3D\D3D11\Buffer\cwD3D11Buffer.h">
      <Filter>头文件</Filter>
    </ClInclude>
    <ClInclude Include="Platform\D3D\D3D11\Buffer\cwD3D11BufferShader.h">
      <Filter>头文件</Filter>
    </ClInclude>
    <ClInclude Include="Platform\D3D\D3D11\Buffer\cwD3D11BufferWritable.h">
      <Filter>头文件</Filter>
    </ClInclude>
    <ClInclude Include="Effect\cwGPEffect.h">
      <Filter>头文件</Filter>
    </ClInclude>
    <ClInclude Include="Event\cwKeyboardEvent.h">
      <Filter>头文件</Filter>
    </ClInclude>
    <ClInclude Include="Event\cwKeyboardEventListener.h">
      <Filter>头文件</Filter>
    </ClInclude>
    <ClInclude Include="Event\Interface\cwKeyboardEventInterface.h">
      <Filter>头文件</Filter>
    </ClInclude>
    <ClInclude Include="Entity\cwBatchEntity.h">
      <Filter>头文件</Filter>
    </ClInclude>
    <ClInclude Include="Platform\D3D\D3D11\Entity\cwD3D11BatchEntity.h">
      <Filter>头文件</Filter>
    </ClInclude>
    <ClInclude Include="Base\cwLog.h">
      <Filter>头文件</Filter>
    </ClInclude>
    <ClInclude Include="Entity\cwPrimitiveEntity.h">
      <Filter>头文件</Filter>
    </ClInclude>
    <ClInclude Include="Math\cwFrustum.h">
      <Filter>头文件</Filter>
    </ClInclude>
    <ClInclude Include="SpatialSorting\cwSpatial.h">
      <Filter>头文件</Filter>
    </ClInclude>
    <ClInclude Include="SpatialSorting\cwSpatialFactory.h">
      <Filter>头文件</Filter>
    </ClInclude>
    <ClInclude Include="Text\cwText.h">
      <Filter>头文件</Filter>
    </ClInclude>
    <ClInclude Include="SpatialSorting\cwNormalSorting.h">
      <Filter>头文件</Filter>
    </ClInclude>
    <ClInclude Include="Camera\cwOrthoCamera.h">
      <Filter>头文件</Filter>
    </ClInclude>
    <ClInclude Include="Sprite\cwSprite.h">
      <Filter>头文件</Filter>
    </ClInclude>
    <ClInclude Include="Sprite\cwRenderNode2D.h">
      <Filter>头文件</Filter>
    </ClInclude>
    <ClInclude Include="Sprite\cwLabel.h">
      <Filter>头文件</Filter>
    </ClInclude>
    <ClInclude Include="Utils\cwBaseScene.h">
      <Filter>头文件</Filter>
    </ClInclude>
    <ClInclude Include="Entity\cwSkyDome.h">
      <Filter>头文件</Filter>
    </ClInclude>
    <ClInclude Include="Material\MaterialUnit\cwMaterialUnit.h">
      <Filter>头文件</Filter>
    </ClInclude>
    <ClInclude Include="Texture\cwCubeTexture.h">
      <Filter>头文件</Filter>
    </ClInclude>
    <ClInclude Include="Platform\D3D\D3D11\Texture\cwD3D11CubeTexture.h">
      <Filter>头文件</Filter>
    </ClInclude>
    <ClInclude Include="Material\MaterialUnit\cwMaterialUnitTexture.h">
      <Filter>头文件</Filter>
    </ClInclude>
    <ClInclude Include="Entity\cwDynamicReflectionEntity.h">
      <Filter>头文件</Filter>
    </ClInclude>
    <ClInclude Include="Material\MaterialUnit\cwMaterialUnitDynamicReflect.h">
      <Filter>头文件</Filter>
    </ClInclude>
    <ClInclude Include="Material\MaterialUnit\cwMaterialUnitMatrix.h">
      <Filter>头文件</Filter>
    </ClInclude>
    <ClInclude Include="Resource\cwResourceLoader.h">
      <Filter>头文件</Filter>
    </ClInclude>
    <ClInclude Include="Resource\cwLoadBatch.h">
      <Filter>头文件</Filter>
    </ClInclude>
    <ClInclude Include="Resource\cwLoadResult.h">
      <Filter>头文件</Filter>
    </ClInclude>
    <ClInclude Include="Resource\cwRemoveBatch.h">
      <Filter>头文件</Filter>
    </ClInclude>
    <ClInclude Include="Platform\D3D\D3D11\Shader\cwD3D11ShaderInclude.h">
      <Filter>头文件</Filter>
    </ClInclude>
    <ClInclude Include="Terrain\cwTerrainTile.h">
      <Filter>头文件</Filter>
    </ClInclude>
    <ClInclude Include="Terrain\cwTerrain.h">
      <Filter>头文件</Filter>
    </ClInclude>
    <ClInclude Include="Platform\D3D\D3D11\Terrain\cwD3D11Terrain.h">
      <Filter>头文件</Filter>
    </ClInclude>
    <ClInclude Include="Platform\D3D\D3D11\Terrain\cwD3D11TerrainTile.h">
      <Filter>头文件</Filter>
    </ClInclude>
    <ClInclude Include="SpatialSorting\Octree\cwLooseOctree.h">
      <Filter>头文件</Filter>
    </ClInclude>
    <ClInclude Include="SpatialSorting\Octree\cwOctree.h">
      <Filter>头文件</Filter>
    </ClInclude>
    <ClInclude Include="Material\MaterialUnit\cwMaterialUnitFloatArray.h">
      <Filter>头文件</Filter>
    </ClInclude>
    <ClInclude Include="Resource\cwStreaming.h">
      <Filter>头文件</Filter>
    </ClInclude>
    <ClInclude Include="Repertory\cwGlobalParameter.h">
      <Filter>头文件</Filter>
    </ClInclude>
    <ClInclude Include="Sprite\Primitive\cwPrimitiveNode2D.h">
      <Filter>头文件</Filter>
    </ClInclude>
    <ClInclude Include="effect\cwEffectManager.h">
      <Filter>头文件</Filter>
    </ClInclude>
    <ClInclude Include="Device\cwDeviceStatus.h">
      <Filter>头文件</Filter>
    </ClInclude>
    <ClInclude Include="Platform\D3D\D3D11\Texture\cwD3D11RWTexture.h">
      <Filter>头文件</Filter>
    </ClInclude>
    <ClInclude Include="Platform\D3D\D3D11\Texture\cwD3D11RTTexture.h">
      <Filter>头文件</Filter>
    </ClInclude>
    <ClInclude Include="Platform\D3D\D3D11\Texture\cwD3D11DSTexture.h">
      <Filter>头文件</Filter>
    </ClInclude>
    <ClInclude Include="Texture\cwMultiRTTexture.h">
      <Filter>头文件</Filter>
    </ClInclude>
    <ClInclude Include="Ref\cwObjectMonitor.h">
      <Filter>头文件</Filter>
    </ClInclude>
    <ClInclude Include="Render\Stage\cwStage.h">
      <Filter>头文件</Filter>
    </ClInclude>
    <ClInclude Include="Render\Stage\cwStageLayer.h">
      <Filter>头文件</Filter>
    </ClInclude>
    <ClInclude Include="Render\Stage\cwCommandBatch.h">
      <Filter>头文件</Filter>
    </ClInclude>
    <ClInclude Include="Render\Stage\cwCommandNode.h">
      <Filter>头文件</Filter>
    </ClInclude>
    <ClInclude Include="Render\cwRendererFactory.h">
      <Filter>头文件</Filter>
    </ClInclude>
    <ClInclude Include="Render\TBDR\cwTBDRCoreStageLayer.h">
      <Filter>头文件</Filter>
    </ClInclude>
    <ClInclude Include="Render\TBDR\cwTBDRConstants.h">
      <Filter>头文件</Filter>
    </ClInclude>
    <ClInclude Include="Render\TBDR\cwTBDRStage.h">
      <Filter>头文件</Filter>
    </ClInclude>
    <ClInclude Include="Parser\cwTerrainParser.h">
      <Filter>头文件</Filter>
    </ClInclude>
    <ClInclude Include="Parser\cwResourceConfParser.h">
      <Filter>头文件</Filter>
    </ClInclude>
    <ClInclude Include="Generator\cwRenderObjectGenerator.hpp">
      <Filter>头文件</Filter>
    </ClInclude>
    <ClInclude Include="Render\2D\cw2DStageLayer.h">
      <Filter>头文件</Filter>
    </ClInclude>
    <ClInclude Include="Sprite\cwFrameRateLabel.h">
      <Filter>头文件</Filter>
    </ClInclude>
    <ClInclude Include="Render\Shadow\ShadowMap\cwShadowMapConstant.h">
      <Filter>头文件</Filter>
    </ClInclude>
    <ClInclude Include="Render\Shadow\ShadowMap\cwShadowMapStage.h">
      <Filter>头文件</Filter>
    </ClInclude>
    <ClInclude Include="Render\Shadow\ShadowMap\cwShadowMapStageLayer.h">
      <Filter>头文件</Filter>
    </ClInclude>
    <ClInclude Include="Timer\cwPerformanceTimer.h">
      <Filter>头文件</Filter>
    </ClInclude>
    <ClInclude Include="effect\cwEffectConstant.h">
      <Filter>头文件</Filter>
    </ClInclude>
    <ClInclude Include="effect\Parameter\cwEffectBufferParameter.h">
      <Filter>头文件</Filter>
    </ClInclude>
    <ClInclude Include="effect\Parameter\cwEffectDataParameter.h">
      <Filter>头文件</Filter>
    </ClInclude>
    <ClInclude Include="effect\Parameter\cwEffectFloatArrayParameter.h">
      <Filter>头文件</Filter>
    </ClInclude>
    <ClInclude Include="effect\Parameter\cwEffectFloatParameter.h">
      <Filter>源文件\Effect</Filter>
    </ClInclude>
    <ClInclude Include="effect\Parameter\cwEffectTextureParameter.h">
      <Filter>头文件</Filter>
    </ClInclude>
    <ClInclude Include="effect\Parameter\cwEffectMatrixParameter.h">
      <Filter>头文件</Filter>
    </ClInclude>
    <ClInclude Include="effect\Parameter\cwEffectParameter.h">
      <Filter>源文件\Effect</Filter>
    </ClInclude>
    <ClInclude Include="Render\TBDR\cwTBDRGBufferStageLayer.h">
      <Filter>头文件</Filter>
    </ClInclude>
    <ClInclude Include="Render\Stage\cwPipelineNode.h">
      <Filter>头文件</Filter>
    </ClInclude>
    <ClInclude Include="effect\Parameter\cwEffectFloatVectorArrayParameter.h">
      <Filter>头文件</Filter>
    </ClInclude>
    <ClInclude Include="Render\AO\SSAO\cwSSAOStageLayer.h">
      <Filter>头文件</Filter>
    </ClInclude>
    <ClInclude Include="Render\AO\SSAO\cwSSAOStage.h">
      <Filter>头文件</Filter>
    </ClInclude>
    <ClInclude Include="Render\AO\SSAO\cwSSAOConstants.h">
      <Filter>头文件</Filter>
    </ClInclude>
  </ItemGroup>
  <ItemGroup>
    <ClCompile Include="Math\cwAABB.cpp">
      <Filter>源文件\Math</Filter>
    </ClCompile>
    <ClCompile Include="Math\cwCircle.cpp">
      <Filter>源文件\Math</Filter>
    </ClCompile>
    <ClCompile Include="Math\cwMathUtil.cpp">
      <Filter>源文件\Math</Filter>
    </ClCompile>
    <ClCompile Include="Math\cwMatrix4X4.cpp">
      <Filter>源文件\Math</Filter>
    </ClCompile>
    <ClCompile Include="Math\cwPlane.cpp">
      <Filter>源文件\Math</Filter>
    </ClCompile>
    <ClCompile Include="Math\cwPoint4D.cpp">
      <Filter>源文件\Math</Filter>
    </ClCompile>
    <ClCompile Include="Math\cwQuaternion.cpp">
      <Filter>源文件\Math</Filter>
    </ClCompile>
    <ClCompile Include="Math\cwRay.cpp">
      <Filter>源文件\Math</Filter>
    </ClCompile>
    <ClCompile Include="Math\cwVector2D.cpp">
      <Filter>源文件\Math</Filter>
    </ClCompile>
    <ClCompile Include="Math\cwVector3D.cpp">
      <Filter>源文件\Math</Filter>
    </ClCompile>
    <ClCompile Include="Math\cwVector4D.cpp">
      <Filter>源文件\Math</Filter>
    </ClCompile>
    <ClCompile Include="Blend\cwBlend.cpp">
      <Filter>源文件\Blend</Filter>
    </ClCompile>
    <ClCompile Include="Buffer\cwBuffer.cpp">
      <Filter>源文件\Buffer</Filter>
    </ClCompile>
    <ClCompile Include="Camera\cwCamera.cpp">
      <Filter>源文件\Camera</Filter>
    </ClCompile>
    <ClCompile Include="Base\cwColor.cpp">
      <Filter>源文件\Base</Filter>
    </ClCompile>
    <ClCompile Include="Base\cwRunTime.cpp">
      <Filter>源文件\Base</Filter>
    </ClCompile>
    <ClCompile Include="Device\cwDevice.cpp">
      <Filter>源文件\Device</Filter>
    </ClCompile>
    <ClCompile Include="Engine\cwEngine.cpp">
      <Filter>源文件\Engine</Filter>
    </ClCompile>
    <ClCompile Include="Entity\cwEntity.cpp">
      <Filter>源文件\Entity</Filter>
    </ClCompile>
    <ClCompile Include="Entity\cwScene.cpp">
      <Filter>源文件\Entity</Filter>
    </ClCompile>
    <ClCompile Include="Generator\cwGeometryGenerator.cpp">
      <Filter>源文件\Generator</Filter>
    </ClCompile>
    <ClCompile Include="Layouts\cwLayouts.cpp">
      <Filter>源文件\Layouts</Filter>
    </ClCompile>
    <ClCompile Include="Layouts\cwLayoutsManager.cpp">
      <Filter>源文件\Layouts</Filter>
    </ClCompile>
    <ClCompile Include="Material\cwMaterial.cpp">
      <Filter>源文件\Material</Filter>
    </ClCompile>
    <ClCompile Include="Ref\cwAutoReleasePool.cpp">
      <Filter>源文件\Ref</Filter>
    </ClCompile>
    <ClCompile Include="Ref\cwRef.cpp">
      <Filter>源文件\Ref</Filter>
    </ClCompile>
    <ClCompile Include="RenderObject\cwDynamicRenderObject.cpp">
      <Filter>源文件\RenderObject</Filter>
    </ClCompile>
    <ClCompile Include="RenderObject\cwRenderObject.cpp">
      <Filter>源文件\RenderObject</Filter>
    </ClCompile>
    <ClCompile Include="RenderObject\cwStaticRenderObject.cpp">
      <Filter>源文件\RenderObject</Filter>
    </ClCompile>
    <ClCompile Include="Repertory\cwRepertory.cpp">
      <Filter>源文件\Repertory</Filter>
    </ClCompile>
    <ClCompile Include="Platform\D3D\D3D11\Layouts\cwD3D11Layouts.cpp">
      <Filter>源文件\Platform\D3D\D3D11\Layouts</Filter>
    </ClCompile>
    <ClCompile Include="Platform\D3D\D3D11\Device\cwD3D11Device.cpp">
      <Filter>源文件\Platform\D3D\D3D11\Device</Filter>
    </ClCompile>
    <ClCompile Include="Stencil\cwStencil.cpp">
      <Filter>源文件\Stencil</Filter>
    </ClCompile>
    <ClCompile Include="Platform\D3D\D3D11\Stencil\cwD3D11Stencil.cpp">
      <Filter>源文件\Platform\D3D\D3D11\Stencil</Filter>
    </ClCompile>
    <ClCompile Include="Texture\cwTexture.cpp">
      <Filter>源文件\Texture</Filter>
    </ClCompile>
    <ClCompile Include="Texture\cwTextureManager.cpp">
      <Filter>源文件\Texture</Filter>
    </ClCompile>
    <ClCompile Include="Platform\D3D\D3D11\Texture\cwD3D11Texture.cpp">
      <Filter>源文件\Platform\D3D\D3D11\Texture</Filter>
    </ClCompile>
    <ClCompile Include="Timer\cwTimer.cpp">
      <Filter>源文件\Timer</Filter>
    </ClCompile>
    <ClCompile Include="Shader\cwShader.cpp">
      <Filter>源文件\Shader</Filter>
    </ClCompile>
    <ClCompile Include="Platform\D3D\D3D11\Shader\cwD3D11Shader.cpp">
      <Filter>源文件\Platform\D3D\D3D11\Shader</Filter>
    </ClCompile>
    <ClCompile Include="Shader\cwShaderManager.cpp">
      <Filter>源文件\Shader</Filter>
    </ClCompile>
    <ClCompile Include="Entity\cwRenderNode.cpp">
      <Filter>源文件\Entity</Filter>
    </ClCompile>
    <ClCompile Include="Platform\D3D\D3D11\Layouts\cwD3D11LayoutsManager.cpp">
      <Filter>源文件\Platform\D3D\D3D11\Layouts</Filter>
    </ClCompile>
    <ClCompile Include="Platform\D3D\D3D11\Layouts\cwInputElementDescManager.cpp">
      <Filter>源文件\Platform\D3D\D3D11\Layouts</Filter>
    </ClCompile>
    <ClCompile Include="Platform\D3D\D3D11\Repertory\cwD3D11Repertory.cpp">
      <Filter>源文件\Platform\D3D\D3D11\Repertory</Filter>
    </ClCompile>
    <ClCompile Include="Platform\D3D\D3D11\Blend\cwD3D11Blend.cpp">
      <Filter>源文件\Platform\D3D\D3D11\Blend</Filter>
    </ClCompile>
    <ClCompile Include="Platform\cwFileSystem.cpp">
      <Filter>源文件\Platform</Filter>
    </ClCompile>
    <ClCompile Include="Platform\Windows\cwWinFileSystem.cpp">
      <Filter>源文件\Platform\Windows</Filter>
    </ClCompile>
    <ClCompile Include="Platform\Windows\cwWinStringConvert.cpp">
      <Filter>源文件\Platform\Windows</Filter>
    </ClCompile>
    <ClCompile Include="Platform\D3D\D3D11\Shader\cwD3D11ShaderManager.cpp">
      <Filter>源文件\Platform\D3D\D3D11\Shader</Filter>
    </ClCompile>
    <ClCompile Include="Platform\Windows\cwWinApplication.cpp">
      <Filter>源文件\Platform\Windows</Filter>
    </ClCompile>
    <ClCompile Include="Event\cwEventListener.cpp">
      <Filter>源文件\Event</Filter>
    </ClCompile>
    <ClCompile Include="Event\cwEvent.cpp">
      <Filter>源文件\Event</Filter>
    </ClCompile>
    <ClCompile Include="Event\cwTouchEvent.cpp">
      <Filter>源文件\Event</Filter>
    </ClCompile>
    <ClCompile Include="Event\cwEventManager.cpp">
      <Filter>源文件\Event</Filter>
    </ClCompile>
    <ClCompile Include="Event\cwTouchEventListener.cpp">
      <Filter>源文件\Event</Filter>
    </ClCompile>
    <ClCompile Include="Scheduler\cwSchedulerManager.cpp">
      <Filter>源文件\Scheduler</Filter>
    </ClCompile>
    <ClCompile Include="Scheduler\cwScheduleInterface.cpp">
      <Filter>源文件\Scheduler</Filter>
    </ClCompile>
    <ClCompile Include="ViewPort\cwViewPort.cpp">
      <Filter>源文件\ViewPort</Filter>
    </ClCompile>
    <ClCompile Include="Platform\D3D\D3D11\ViewPort\cwD3D11ViewPort.cpp">
      <Filter>源文件\Platform\D3D\D3D11\ViewPort</Filter>
    </ClCompile>
    <ClCompile Include="Effect\cwEffect.cpp">
      <Filter>源文件\Effect</Filter>
    </ClCompile>
    <ClCompile Include="Render\cwRenderer.cpp">
      <Filter>源文件\Render</Filter>
    </ClCompile>
    <ClCompile Include="Camera\cwHomogeneousCamera.cpp">
      <Filter>源文件\Camera</Filter>
    </ClCompile>
    <ClCompile Include="Base\cwCommon.cpp">
      <Filter>源文件\Base</Filter>
    </ClCompile>
    <ClCompile Include="Base\cwStringConvert.cpp">
      <Filter>源文件\Base</Filter>
    </ClCompile>
    <ClCompile Include="Entity\cwMirror.cpp">
      <Filter>源文件\Entity</Filter>
    </ClCompile>
    <ClCompile Include="external\json\lib_json\json_reader.cpp">
      <Filter>源文件</Filter>
    </ClCompile>
    <ClCompile Include="external\json\lib_json\json_value.cpp">
      <Filter>源文件</Filter>
    </ClCompile>
    <ClCompile Include="external\json\lib_json\json_writer.cpp">
      <Filter>源文件</Filter>
    </ClCompile>
    <ClCompile Include="external\tinyxml2\tinyxml2.cpp">
      <Filter>源文件</Filter>
    </ClCompile>
    <ClCompile Include="Light\cwDirectionalLight.cpp">
      <Filter>源文件</Filter>
    </ClCompile>
    <ClCompile Include="Light\cwPointLight.cpp">
      <Filter>源文件</Filter>
    </ClCompile>
    <ClCompile Include="Light\cwSpotLight.cpp">
      <Filter>源文件</Filter>
    </ClCompile>
    <ClCompile Include="Light\cwLight.cpp">
      <Filter>源文件</Filter>
    </ClCompile>
    <ClCompile Include="Texture\cwTextureArray.cpp">
      <Filter>源文件</Filter>
    </ClCompile>
    <ClCompile Include="Platform\D3D\D3D11\Texture\cwD3D11TextureArray.cpp">
      <Filter>源文件</Filter>
    </ClCompile>
    <ClCompile Include="Platform\D3D\D3D11\Buffer\cwD3D11Buffer.cpp">
      <Filter>源文件</Filter>
    </ClCompile>
    <ClCompile Include="Platform\D3D\D3D11\Buffer\cwD3D11BufferShader.cpp">
      <Filter>源文件</Filter>
    </ClCompile>
    <ClCompile Include="Platform\D3D\D3D11\Buffer\cwD3D11BufferWritable.cpp">
      <Filter>源文件</Filter>
    </ClCompile>
    <ClCompile Include="Effect\cwGPEffect.cpp">
      <Filter>源文件</Filter>
    </ClCompile>
    <ClCompile Include="Platform\Windows\cwWinUtils.cpp">
      <Filter>源文件</Filter>
    </ClCompile>
    <ClCompile Include="Event\cwKeyboardEvent.cpp">
      <Filter>源文件</Filter>
    </ClCompile>
    <ClCompile Include="Event\cwKeyboardEventListener.cpp">
      <Filter>源文件</Filter>
    </ClCompile>
    <ClCompile Include="Event\Interface\cwKeyboardEventInterface.cpp">
      <Filter>源文件</Filter>
    </ClCompile>
    <ClCompile Include="Entity\cwBatchEntity.cpp">
      <Filter>源文件</Filter>
    </ClCompile>
    <ClCompile Include="Platform\D3D\D3D11\Entity\cwD3D11BatchEntity.cpp">
      <Filter>源文件</Filter>
    </ClCompile>
    <ClCompile Include="Platform\Windows\cwWinLog.cpp">
      <Filter>源文件</Filter>
    </ClCompile>
    <ClCompile Include="Entity\cwPrimitiveEntity.cpp">
      <Filter>源文件</Filter>
    </ClCompile>
    <ClCompile Include="Math\cwFrustum.cpp">
      <Filter>源文件</Filter>
    </ClCompile>
    <ClCompile Include="SpatialSorting\cwSpatial.cpp">
      <Filter>源文件</Filter>
    </ClCompile>
    <ClCompile Include="SpatialSorting\cwSpatialFactory.cpp">
      <Filter>源文件</Filter>
    </ClCompile>
    <ClCompile Include="Text\cwText.cpp">
      <Filter>源文件</Filter>
    </ClCompile>
    <ClCompile Include="SpatialSorting\cwNormalSorting.cpp">
      <Filter>源文件</Filter>
    </ClCompile>
    <ClCompile Include="Camera\cwOrthoCamera.cpp">
      <Filter>源文件</Filter>
    </ClCompile>
    <ClCompile Include="Sprite\cwSprite.cpp">
      <Filter>源文件</Filter>
    </ClCompile>
    <ClCompile Include="Sprite\cwRenderNode2D.cpp">
      <Filter>源文件</Filter>
    </ClCompile>
    <ClCompile Include="Sprite\cwLabel.cpp">
      <Filter>源文件</Filter>
    </ClCompile>
    <ClCompile Include="Utils\cwBaseScene.cpp">
      <Filter>源文件</Filter>
    </ClCompile>
    <ClCompile Include="Entity\cwSkyDome.cpp">
      <Filter>源文件</Filter>
    </ClCompile>
    <ClCompile Include="Material\MaterialUnit\cwMaterialUnit.cpp">
      <Filter>源文件</Filter>
    </ClCompile>
    <ClCompile Include="Texture\cwCubeTexture.cpp">
      <Filter>源文件</Filter>
    </ClCompile>
    <ClCompile Include="Platform\D3D\D3D11\Texture\cwD3D11CubeTexture.cpp">
      <Filter>源文件</Filter>
    </ClCompile>
    <ClCompile Include="Material\MaterialUnit\cwMaterialUnitTexture.cpp">
      <Filter>源文件</Filter>
    </ClCompile>
    <ClCompile Include="Entity\cwDynamicReflectionEntity.cpp">
      <Filter>源文件</Filter>
    </ClCompile>
    <ClCompile Include="Material\MaterialUnit\cwMaterialUnitDynamicReflect.cpp">
      <Filter>源文件</Filter>
    </ClCompile>
    <ClCompile Include="Material\MaterialUnit\cwMaterialUnitMatrix.cpp">
      <Filter>源文件</Filter>
    </ClCompile>
    <ClCompile Include="Resource\cwResourceLoader.cpp">
      <Filter>源文件</Filter>
    </ClCompile>
    <ClCompile Include="Resource\cwLoadBatch.cpp">
      <Filter>源文件</Filter>
    </ClCompile>
    <ClCompile Include="Resource\cwLoadResult.cpp">
      <Filter>源文件</Filter>
    </ClCompile>
    <ClCompile Include="Resource\cwRemoveBatch.cpp">
      <Filter>源文件</Filter>
    </ClCompile>
    <ClCompile Include="Platform\D3D\D3D11\Shader\cwD3D11ShaderInclude.cpp">
      <Filter>源文件</Filter>
    </ClCompile>
    <ClCompile Include="Terrain\cwTerrainTile.cpp">
      <Filter>源文件</Filter>
    </ClCompile>
    <ClCompile Include="Terrain\cwTerrain.cpp">
      <Filter>源文件</Filter>
    </ClCompile>
    <ClCompile Include="Platform\D3D\D3D11\Terrain\cwD3D11Terrain.cpp">
      <Filter>源文件</Filter>
    </ClCompile>
    <ClCompile Include="Platform\D3D\D3D11\Terrain\cwD3D11TerrainTile.cpp">
      <Filter>源文件</Filter>
    </ClCompile>
    <ClCompile Include="SpatialSorting\Octree\cwLooseOctree.cpp">
      <Filter>源文件</Filter>
    </ClCompile>
    <ClCompile Include="SpatialSorting\Octree\cwOctree.cpp">
      <Filter>源文件</Filter>
    </ClCompile>
    <ClCompile Include="Material\MaterialUnit\cwMaterialUnitFloatArray.cpp">
      <Filter>源文件</Filter>
    </ClCompile>
    <ClCompile Include="Resource\cwStreaming.cpp">
      <Filter>源文件</Filter>
    </ClCompile>
    <ClCompile Include="Repertory\cwGlobalParameter.cpp">
      <Filter>源文件</Filter>
    </ClCompile>
    <ClCompile Include="Sprite\Primitive\cwPrimitiveNode2D.cpp">
      <Filter>源文件</Filter>
    </ClCompile>
    <ClCompile Include="effect\cwEffectManager.cpp">
      <Filter>源文件</Filter>
    </ClCompile>
    <ClCompile Include="Device\cwDeviceStatus.cpp">
      <Filter>源文件</Filter>
    </ClCompile>
    <ClCompile Include="Platform\D3D\D3D11\Texture\cwD3D11RWTexture.cpp">
      <Filter>源文件</Filter>
    </ClCompile>
    <ClCompile Include="Platform\D3D\D3D11\Texture\cwD3D11RTTexture.cpp">
      <Filter>源文件</Filter>
    </ClCompile>
    <ClCompile Include="Platform\D3D\D3D11\Texture\cwD3D11DSTexture.cpp">
      <Filter>源文件</Filter>
    </ClCompile>
    <ClCompile Include="Texture\cwMultiRTTexture.cpp">
      <Filter>源文件</Filter>
    </ClCompile>
    <ClCompile Include="Ref\cwObjectMonitor.cpp">
      <Filter>源文件</Filter>
    </ClCompile>
    <ClCompile Include="Render\Stage\cwStage.cpp">
      <Filter>源文件</Filter>
    </ClCompile>
    <ClCompile Include="Render\Stage\cwStageLayer.cpp">
      <Filter>源文件</Filter>
    </ClCompile>
    <ClCompile Include="Render\Stage\cwCommandBatch.cpp">
      <Filter>源文件</Filter>
    </ClCompile>
    <ClCompile Include="Render\Stage\cwCommandNode.cpp">
      <Filter>源文件</Filter>
    </ClCompile>
    <ClCompile Include="Render\cwRendererFactory.cpp">
      <Filter>源文件</Filter>
    </ClCompile>
    <ClCompile Include="Render\TBDR\cwTBDRCoreStageLayer.cpp">
      <Filter>源文件</Filter>
    </ClCompile>
    <ClCompile Include="Render\TBDR\cwTBDRStage.cpp">
      <Filter>源文件</Filter>
    </ClCompile>
    <ClCompile Include="Parser\cwTerrainParser.cpp">
      <Filter>源文件</Filter>
    </ClCompile>
    <ClCompile Include="Parser\cwResourceConfParser.cpp">
      <Filter>源文件</Filter>
    </ClCompile>
    <ClCompile Include="Render\2D\cw2DStageLayer.cpp">
      <Filter>源文件</Filter>
    </ClCompile>
    <ClCompile Include="Sprite\cwFrameRateLabel.cpp">
      <Filter>源文件</Filter>
    </ClCompile>
    <ClCompile Include="Render\Shadow\ShadowMap\cwShadowMapStage.cpp">
      <Filter>源文件</Filter>
    </ClCompile>
    <ClCompile Include="Render\Shadow\ShadowMap\cwShadowMapStageLayer.cpp">
      <Filter>源文件</Filter>
    </ClCompile>
    <ClCompile Include="Timer\cwPerformanceTimer.cpp">
      <Filter>源文件</Filter>
    </ClCompile>
    <ClCompile Include="effect\Parameter\cwEffectBufferParameter.cpp">
      <Filter>源文件</Filter>
    </ClCompile>
    <ClCompile Include="effect\Parameter\cwEffectDataParameter.cpp">
      <Filter>源文件</Filter>
    </ClCompile>
    <ClCompile Include="effect\Parameter\cwEffectFloatArrayParameter.cpp">
      <Filter>源文件</Filter>
    </ClCompile>
    <ClCompile Include="effect\Parameter\cwEffectFloatParameter.cpp">
      <Filter>源文件\Effect</Filter>
    </ClCompile>
    <ClCompile Include="effect\Parameter\cwEffectMatrixParameter.cpp">
      <Filter>源文件</Filter>
    </ClCompile>
    <ClCompile Include="effect\Parameter\cwEffectParameter.cpp">
      <Filter>源文件\Effect</Filter>
    </ClCompile>
    <ClCompile Include="effect\Parameter\cwEffectTextureParameter.cpp">
      <Filter>源文件</Filter>
    </ClCompile>
    <ClCompile Include="Render\TBDR\cwTBDRGBufferStageLayer.cpp">
      <Filter>源文件</Filter>
    </ClCompile>
    <ClCompile Include="Render\Stage\cwPipelineNode.cpp">
      <Filter>源文件</Filter>
    </ClCompile>
    <ClCompile Include="effect\Parameter\cwEffectFloatVectorArrayParameter.cpp">
      <Filter>源文件</Filter>
    </ClCompile>
    <ClCompile Include="Render\AO\SSAO\cwSSAOStage.cpp">
      <Filter>源文件</Filter>
    </ClCompile>
    <ClCompile Include="Render\AO\SSAO\cwSSAOStageLayer.cpp">
      <Filter>源文件</Filter>
    </ClCompile>
  </ItemGroup>
  <ItemGroup>
    <None Include="external\json\lib_json\json_valueiterator.inl">
      <Filter>头文件</Filter>
    </None>
    <None Include="external\json\lib_json\sconscript" />
    <None Include="external\json\lib_json\version.h.in" />
  </ItemGroup>
</Project>