
Microsoft Visual Studio Solution File, Format Version 12.00
# Visual Studio 2013
VisualStudioVersion = 12.0.21005.1
MinimumVisualStudioVersion = 10.0.40219.1
Project("{8BC9CEB8-8B4A-11D0-8D11-00A0C91BC942}") = "miniRender", "miniRender\miniRender.vcxproj", "{84AEC896-7279-4487-BE7A-B703CDB8A8B5}"
EndProject
Project("{2150E333-8FDC-42A3-9474-1A3956D46DE8}") = "Test", "Test", "{873F1DFA-D35C-41AC-90AC-1D57C7A7446E}"
EndProject
Project("{8BC9CEB8-8B4A-11D0-8D11-00A0C91BC942}") = "BoxDemo", "test\BoxDemo\BoxDemo.vcxproj", "{F59A886F-27B8-4063-B9EA-203B141C3B79}"
EndProject
Project("{8BC9CEB8-8B4A-11D0-8D11-00A0C91BC942}") = "LoadTxtDemo", "test\LoadTxtDemo\LoadTxtDemo.vcxproj", "{476FF767-C0EB-4FF3-842D-77CF20D6B7A7}"
EndProject
Project("{8BC9CEB8-8B4A-11D0-8D11-00A0C91BC942}") = "LightTerrain", "test\LightTerrain\LightTerrain.vcxproj", "{72261194-2392-4836-BE10-5C5AEC3D6441}"
EndProject
Project("{8BC9CEB8-8B4A-11D0-8D11-00A0C91BC942}") = "StencilDemo", "test\StencilDemo\StencilDemo.vcxproj", "{3E1C6602-CD8F-44AD-95BF-87D644340129}"
EndProject
Project("{8BC9CEB8-8B4A-11D0-8D11-00A0C91BC942}") = "GeometryShaderDemo", "test\GeometryShaderDemo\GeometryShaderDemo.vcxproj", "{4600600F-163B-4DAF-A547-7282C47F4FE6}"
EndProject
Project("{8BC9CEB8-8B4A-11D0-8D11-00A0C91BC942}") = "BlurDemo", "test\BlurDemo\BlurDemo.vcxproj", "{DE6FB2FA-A327-4BC2-A476-80388F979537}"
EndProject
Project("{8BC9CEB8-8B4A-11D0-8D11-00A0C91BC942}") = "TessellationDemo", "test\TessellationDemo\TessellationDemo.vcxproj", "{8C10E201-AE29-4EE2-8B75-0C0469DADB9E}"
EndProject
Project("{8BC9CEB8-8B4A-11D0-8D11-00A0C91BC942}") = "FrustumDemo", "test\FrustumDemo\FrustumDemo.vcxproj", "{51E6F88C-CB9C-47AA-9900-5DC904AE16BF}"
EndProject
Project("{8BC9CEB8-8B4A-11D0-8D11-00A0C91BC942}") = "TextDemo", "test\TextDemo\TextDemo.vcxproj", "{9E5E0D86-AC3C-4A81-9539-E6F3BDDC951A}"
EndProject
Project("{8BC9CEB8-8B4A-11D0-8D11-00A0C91BC942}") = "CubeMapDemo", "test\CubeMapDemo\CubeMapDemo.vcxproj", "{AAA9B681-B0D8-4B56-86BF-6F12CC95D585}"
EndProject
Project("{8BC9CEB8-8B4A-11D0-8D11-00A0C91BC942}") = "NormalMapDemo", "test\NormalMapDemo\NormalMapDemo.vcxproj", "{BD9D2DB8-37FB-4A5C-A664-14C45DB156A0}"
EndProject
Global
	GlobalSection(SolutionConfigurationPlatforms) = preSolution
		Debug|Any CPU = Debug|Any CPU
		Debug|Mixed Platforms = Debug|Mixed Platforms
		Debug|Win32 = Debug|Win32
		Debug|x64 = Debug|x64
		Release|Any CPU = Release|Any CPU
		Release|Mixed Platforms = Release|Mixed Platforms
		Release|Win32 = Release|Win32
		Release|x64 = Release|x64
	EndGlobalSection
	GlobalSection(ProjectConfigurationPlatforms) = postSolution
		{84AEC896-7279-4487-BE7A-B703CDB8A8B5}.Debug|Any CPU.ActiveCfg = Debug|Win32
		{84AEC896-7279-4487-BE7A-B703CDB8A8B5}.Debug|Mixed Platforms.ActiveCfg = Debug|x64
		{84AEC896-7279-4487-BE7A-B703CDB8A8B5}.Debug|Mixed Platforms.Build.0 = Debug|x64
		{84AEC896-7279-4487-BE7A-B703CDB8A8B5}.Debug|Win32.ActiveCfg = Debug|Win32
		{84AEC896-7279-4487-BE7A-B703CDB8A8B5}.Debug|Win32.Build.0 = Debug|Win32
		{84AEC896-7279-4487-BE7A-B703CDB8A8B5}.Debug|x64.ActiveCfg = Debug|x64
		{84AEC896-7279-4487-BE7A-B703CDB8A8B5}.Debug|x64.Build.0 = Debug|x64
		{84AEC896-7279-4487-BE7A-B703CDB8A8B5}.Release|Any CPU.ActiveCfg = Release|Win32
		{84AEC896-7279-4487-BE7A-B703CDB8A8B5}.Release|Mixed Platforms.ActiveCfg = Release|Win32
		{84AEC896-7279-4487-BE7A-B703CDB8A8B5}.Release|Mixed Platforms.Build.0 = Release|Win32
		{84AEC896-7279-4487-BE7A-B703CDB8A8B5}.Release|Win32.ActiveCfg = Release|Win32
		{84AEC896-7279-4487-BE7A-B703CDB8A8B5}.Release|Win32.Build.0 = Release|Win32
		{84AEC896-7279-4487-BE7A-B703CDB8A8B5}.Release|x64.ActiveCfg = Release|x64
		{84AEC896-7279-4487-BE7A-B703CDB8A8B5}.Release|x64.Build.0 = Release|x64
		{F59A886F-27B8-4063-B9EA-203B141C3B79}.Debug|Any CPU.ActiveCfg = Debug|Win32
		{F59A886F-27B8-4063-B9EA-203B141C3B79}.Debug|Mixed Platforms.ActiveCfg = Debug|x64
		{F59A886F-27B8-4063-B9EA-203B141C3B79}.Debug|Mixed Platforms.Build.0 = Debug|x64
		{F59A886F-27B8-4063-B9EA-203B141C3B79}.Debug|Win32.ActiveCfg = Debug|Win32
		{F59A886F-27B8-4063-B9EA-203B141C3B79}.Debug|Win32.Build.0 = Debug|Win32
		{F59A886F-27B8-4063-B9EA-203B141C3B79}.Debug|x64.ActiveCfg = Debug|Win32
		{F59A886F-27B8-4063-B9EA-203B141C3B79}.Release|Any CPU.ActiveCfg = Release|Win32
		{F59A886F-27B8-4063-B9EA-203B141C3B79}.Release|Mixed Platforms.ActiveCfg = Release|Win32
		{F59A886F-27B8-4063-B9EA-203B141C3B79}.Release|Mixed Platforms.Build.0 = Release|Win32
		{F59A886F-27B8-4063-B9EA-203B141C3B79}.Release|Win32.ActiveCfg = Release|Win32
		{F59A886F-27B8-4063-B9EA-203B141C3B79}.Release|Win32.Build.0 = Release|Win32
		{F59A886F-27B8-4063-B9EA-203B141C3B79}.Release|x64.ActiveCfg = Release|Win32
		{476FF767-C0EB-4FF3-842D-77CF20D6B7A7}.Debug|Any CPU.ActiveCfg = Debug|Win32
		{476FF767-C0EB-4FF3-842D-77CF20D6B7A7}.Debug|Mixed Platforms.ActiveCfg = Debug|x64
		{476FF767-C0EB-4FF3-842D-77CF20D6B7A7}.Debug|Mixed Platforms.Build.0 = Debug|x64
		{476FF767-C0EB-4FF3-842D-77CF20D6B7A7}.Debug|Win32.ActiveCfg = Debug|Win32
		{476FF767-C0EB-4FF3-842D-77CF20D6B7A7}.Debug|Win32.Build.0 = Debug|Win32
		{476FF767-C0EB-4FF3-842D-77CF20D6B7A7}.Debug|x64.ActiveCfg = Debug|Win32
		{476FF767-C0EB-4FF3-842D-77CF20D6B7A7}.Release|Any CPU.ActiveCfg = Release|Win32
		{476FF767-C0EB-4FF3-842D-77CF20D6B7A7}.Release|Mixed Platforms.ActiveCfg = Release|Win32
		{476FF767-C0EB-4FF3-842D-77CF20D6B7A7}.Release|Mixed Platforms.Build.0 = Release|Win32
		{476FF767-C0EB-4FF3-842D-77CF20D6B7A7}.Release|Win32.ActiveCfg = Release|Win32
		{476FF767-C0EB-4FF3-842D-77CF20D6B7A7}.Release|Win32.Build.0 = Release|Win32
		{476FF767-C0EB-4FF3-842D-77CF20D6B7A7}.Release|x64.ActiveCfg = Release|Win32
		{72261194-2392-4836-BE10-5C5AEC3D6441}.Debug|Any CPU.ActiveCfg = Debug|Win32
		{72261194-2392-4836-BE10-5C5AEC3D6441}.Debug|Mixed Platforms.ActiveCfg = Debug|x64
		{72261194-2392-4836-BE10-5C5AEC3D6441}.Debug|Mixed Platforms.Build.0 = Debug|x64
		{72261194-2392-4836-BE10-5C5AEC3D6441}.Debug|Win32.ActiveCfg = Debug|Win32
		{72261194-2392-4836-BE10-5C5AEC3D6441}.Debug|Win32.Build.0 = Debug|Win32
		{72261194-2392-4836-BE10-5C5AEC3D6441}.Debug|x64.ActiveCfg = Debug|Win32
		{72261194-2392-4836-BE10-5C5AEC3D6441}.Release|Any CPU.ActiveCfg = Release|Win32
		{72261194-2392-4836-BE10-5C5AEC3D6441}.Release|Mixed Platforms.ActiveCfg = Release|Win32
		{72261194-2392-4836-BE10-5C5AEC3D6441}.Release|Mixed Platforms.Build.0 = Release|Win32
		{72261194-2392-4836-BE10-5C5AEC3D6441}.Release|Win32.ActiveCfg = Release|Win32
		{72261194-2392-4836-BE10-5C5AEC3D6441}.Release|Win32.Build.0 = Release|Win32
		{72261194-2392-4836-BE10-5C5AEC3D6441}.Release|x64.ActiveCfg = Release|Win32
		{3E1C6602-CD8F-44AD-95BF-87D644340129}.Debug|Any CPU.ActiveCfg = Debug|Win32
		{3E1C6602-CD8F-44AD-95BF-87D644340129}.Debug|Mixed Platforms.ActiveCfg = Debug|x64
		{3E1C6602-CD8F-44AD-95BF-87D644340129}.Debug|Mixed Platforms.Build.0 = Debug|x64
		{3E1C6602-CD8F-44AD-95BF-87D644340129}.Debug|Win32.ActiveCfg = Debug|Win32
		{3E1C6602-CD8F-44AD-95BF-87D644340129}.Debug|Win32.Build.0 = Debug|Win32
		{3E1C6602-CD8F-44AD-95BF-87D644340129}.Debug|x64.ActiveCfg = Debug|Win32
		{3E1C6602-CD8F-44AD-95BF-87D644340129}.Release|Any CPU.ActiveCfg = Release|Win32
		{3E1C6602-CD8F-44AD-95BF-87D644340129}.Release|Mixed Platforms.ActiveCfg = Release|Win32
		{3E1C6602-CD8F-44AD-95BF-87D644340129}.Release|Mixed Platforms.Build.0 = Release|Win32
		{3E1C6602-CD8F-44AD-95BF-87D644340129}.Release|Win32.ActiveCfg = Release|Win32
		{3E1C6602-CD8F-44AD-95BF-87D644340129}.Release|Win32.Build.0 = Release|Win32
		{3E1C6602-CD8F-44AD-95BF-87D644340129}.Release|x64.ActiveCfg = Release|Win32
		{4600600F-163B-4DAF-A547-7282C47F4FE6}.Debug|Any CPU.ActiveCfg = Debug|Win32
		{4600600F-163B-4DAF-A547-7282C47F4FE6}.Debug|Mixed Platforms.ActiveCfg = Debug|x64
		{4600600F-163B-4DAF-A547-7282C47F4FE6}.Debug|Mixed Platforms.Build.0 = Debug|x64
		{4600600F-163B-4DAF-A547-7282C47F4FE6}.Debug|Win32.ActiveCfg = Debug|Win32
		{4600600F-163B-4DAF-A547-7282C47F4FE6}.Debug|Win32.Build.0 = Debug|Win32
		{4600600F-163B-4DAF-A547-7282C47F4FE6}.Debug|x64.ActiveCfg = Debug|Win32
		{4600600F-163B-4DAF-A547-7282C47F4FE6}.Release|Any CPU.ActiveCfg = Release|Win32
		{4600600F-163B-4DAF-A547-7282C47F4FE6}.Release|Mixed Platforms.ActiveCfg = Release|Win32
		{4600600F-163B-4DAF-A547-7282C47F4FE6}.Release|Mixed Platforms.Build.0 = Release|Win32
		{4600600F-163B-4DAF-A547-7282C47F4FE6}.Release|Win32.ActiveCfg = Release|Win32
		{4600600F-163B-4DAF-A547-7282C47F4FE6}.Release|Win32.Build.0 = Release|Win32
		{4600600F-163B-4DAF-A547-7282C47F4FE6}.Release|x64.ActiveCfg = Release|Win32
		{DE6FB2FA-A327-4BC2-A476-80388F979537}.Debug|Any CPU.ActiveCfg = Debug|Win32
		{DE6FB2FA-A327-4BC2-A476-80388F979537}.Debug|Mixed Platforms.ActiveCfg = Debug|x64
		{DE6FB2FA-A327-4BC2-A476-80388F979537}.Debug|Mixed Platforms.Build.0 = Debug|x64
		{DE6FB2FA-A327-4BC2-A476-80388F979537}.Debug|Win32.ActiveCfg = Debug|Win32
		{DE6FB2FA-A327-4BC2-A476-80388F979537}.Debug|Win32.Build.0 = Debug|Win32
		{DE6FB2FA-A327-4BC2-A476-80388F979537}.Debug|x64.ActiveCfg = Debug|Win32
		{DE6FB2FA-A327-4BC2-A476-80388F979537}.Release|Any CPU.ActiveCfg = Release|Win32
		{DE6FB2FA-A327-4BC2-A476-80388F979537}.Release|Mixed Platforms.ActiveCfg = Release|Win32
		{DE6FB2FA-A327-4BC2-A476-80388F979537}.Release|Mixed Platforms.Build.0 = Release|Win32
		{DE6FB2FA-A327-4BC2-A476-80388F979537}.Release|Win32.ActiveCfg = Release|Win32
		{DE6FB2FA-A327-4BC2-A476-80388F979537}.Release|Win32.Build.0 = Release|Win32
		{DE6FB2FA-A327-4BC2-A476-80388F979537}.Release|x64.ActiveCfg = Release|Win32
		{8C10E201-AE29-4EE2-8B75-0C0469DADB9E}.Debug|Any CPU.ActiveCfg = Debug|Win32
		{8C10E201-AE29-4EE2-8B75-0C0469DADB9E}.Debug|Mixed Platforms.ActiveCfg = Debug|x64
		{8C10E201-AE29-4EE2-8B75-0C0469DADB9E}.Debug|Mixed Platforms.Build.0 = Debug|x64
		{8C10E201-AE29-4EE2-8B75-0C0469DADB9E}.Debug|Win32.ActiveCfg = Debug|Win32
		{8C10E201-AE29-4EE2-8B75-0C0469DADB9E}.Debug|Win32.Build.0 = Debug|Win32
		{8C10E201-AE29-4EE2-8B75-0C0469DADB9E}.Debug|x64.ActiveCfg = Debug|Win32
		{8C10E201-AE29-4EE2-8B75-0C0469DADB9E}.Release|Any CPU.ActiveCfg = Release|Win32
		{8C10E201-AE29-4EE2-8B75-0C0469DADB9E}.Release|Mixed Platforms.ActiveCfg = Release|Win32
		{8C10E201-AE29-4EE2-8B75-0C0469DADB9E}.Release|Mixed Platforms.Build.0 = Release|Win32
		{8C10E201-AE29-4EE2-8B75-0C0469DADB9E}.Release|Win32.ActiveCfg = Release|Win32
		{8C10E201-AE29-4EE2-8B75-0C0469DADB9E}.Release|Win32.Build.0 = Release|Win32
		{8C10E201-AE29-4EE2-8B75-0C0469DADB9E}.Release|x64.ActiveCfg = Release|Win32
		{51E6F88C-CB9C-47AA-9900-5DC904AE16BF}.Debug|Any CPU.ActiveCfg = Debug|Win32
		{51E6F88C-CB9C-47AA-9900-5DC904AE16BF}.Debug|Mixed Platforms.ActiveCfg = Debug|x64
		{51E6F88C-CB9C-47AA-9900-5DC904AE16BF}.Debug|Mixed Platforms.Build.0 = Debug|x64
		{51E6F88C-CB9C-47AA-9900-5DC904AE16BF}.Debug|Win32.ActiveCfg = Debug|Win32
		{51E6F88C-CB9C-47AA-9900-5DC904AE16BF}.Debug|Win32.Build.0 = Debug|Win32
		{51E6F88C-CB9C-47AA-9900-5DC904AE16BF}.Debug|x64.ActiveCfg = Debug|Win32
		{51E6F88C-CB9C-47AA-9900-5DC904AE16BF}.Release|Any CPU.ActiveCfg = Release|Win32
		{51E6F88C-CB9C-47AA-9900-5DC904AE16BF}.Release|Mixed Platforms.ActiveCfg = Release|Win32
		{51E6F88C-CB9C-47AA-9900-5DC904AE16BF}.Release|Mixed Platforms.Build.0 = Release|Win32
		{51E6F88C-CB9C-47AA-9900-5DC904AE16BF}.Release|Win32.ActiveCfg = Release|Win32
		{51E6F88C-CB9C-47AA-9900-5DC904AE16BF}.Release|Win32.Build.0 = Release|Win32
		{51E6F88C-CB9C-47AA-9900-5DC904AE16BF}.Release|x64.ActiveCfg = Release|Win32
		{9E5E0D86-AC3C-4A81-9539-E6F3BDDC951A}.Debug|Any CPU.ActiveCfg = Debug|Win32
		{9E5E0D86-AC3C-4A81-9539-E6F3BDDC951A}.Debug|Mixed Platforms.ActiveCfg = Debug|x64
		{9E5E0D86-AC3C-4A81-9539-E6F3BDDC951A}.Debug|Mixed Platforms.Build.0 = Debug|x64
		{9E5E0D86-AC3C-4A81-9539-E6F3BDDC951A}.Debug|Win32.ActiveCfg = Debug|Win32
		{9E5E0D86-AC3C-4A81-9539-E6F3BDDC951A}.Debug|Win32.Build.0 = Debug|Win32
		{9E5E0D86-AC3C-4A81-9539-E6F3BDDC951A}.Debug|x64.ActiveCfg = Debug|Win32
		{9E5E0D86-AC3C-4A81-9539-E6F3BDDC951A}.Release|Any CPU.ActiveCfg = Release|Win32
		{9E5E0D86-AC3C-4A81-9539-E6F3BDDC951A}.Release|Mixed Platforms.ActiveCfg = Release|Win32
		{9E5E0D86-AC3C-4A81-9539-E6F3BDDC951A}.Release|Mixed Platforms.Build.0 = Release|Win32
		{9E5E0D86-AC3C-4A81-9539-E6F3BDDC951A}.Release|Win32.ActiveCfg = Release|Win32
		{9E5E0D86-AC3C-4A81-9539-E6F3BDDC951A}.Release|Win32.Build.0 = Release|Win32
		{9E5E0D86-AC3C-4A81-9539-E6F3BDDC951A}.Release|x64.ActiveCfg = Release|Win32
		{AAA9B681-B0D8-4B56-86BF-6F12CC95D585}.Debug|Any CPU.ActiveCfg = Debug|Win32
		{AAA9B681-B0D8-4B56-86BF-6F12CC95D585}.Debug|Mixed Platforms.ActiveCfg = Debug|x64
		{AAA9B681-B0D8-4B56-86BF-6F12CC95D585}.Debug|Mixed Platforms.Build.0 = Debug|x64
		{AAA9B681-B0D8-4B56-86BF-6F12CC95D585}.Debug|Win32.ActiveCfg = Debug|Win32
		{AAA9B681-B0D8-4B56-86BF-6F12CC95D585}.Debug|Win32.Build.0 = Debug|Win32
		{AAA9B681-B0D8-4B56-86BF-6F12CC95D585}.Debug|x64.ActiveCfg = Debug|Win32
		{AAA9B681-B0D8-4B56-86BF-6F12CC95D585}.Release|Any CPU.ActiveCfg = Release|Win32
		{AAA9B681-B0D8-4B56-86BF-6F12CC95D585}.Release|Mixed Platforms.ActiveCfg = Release|Win32
		{AAA9B681-B0D8-4B56-86BF-6F12CC95D585}.Release|Mixed Platforms.Build.0 = Release|Win32
		{AAA9B681-B0D8-4B56-86BF-6F12CC95D585}.Release|Win32.ActiveCfg = Release|Win32
		{AAA9B681-B0D8-4B56-86BF-6F12CC95D585}.Release|Win32.Build.0 = Release|Win32
		{AAA9B681-B0D8-4B56-86BF-6F12CC95D585}.Release|x64.ActiveCfg = Release|Win32
		{BD9D2DB8-37FB-4A5C-A664-14C45DB156A0}.Debug|Any CPU.ActiveCfg = Debug|Win32
		{BD9D2DB8-37FB-4A5C-A664-14C45DB156A0}.Debug|Mixed Platforms.ActiveCfg = Debug|x64
		{BD9D2DB8-37FB-4A5C-A664-14C45DB156A0}.Debug|Mixed Platforms.Build.0 = Debug|x64
		{BD9D2DB8-37FB-4A5C-A664-14C45DB156A0}.Debug|Win32.ActiveCfg = Debug|Win32
		{BD9D2DB8-37FB-4A5C-A664-14C45DB156A0}.Debug|Win32.Build.0 = Debug|Win32
		{BD9D2DB8-37FB-4A5C-A664-14C45DB156A0}.Debug|x64.ActiveCfg = Debug|Win32
		{BD9D2DB8-37FB-4A5C-A664-14C45DB156A0}.Release|Any CPU.ActiveCfg = Release|Win32
		{BD9D2DB8-37FB-4A5C-A664-14C45DB156A0}.Release|Mixed Platforms.ActiveCfg = Release|Win32
		{BD9D2DB8-37FB-4A5C-A664-14C45DB156A0}.Release|Mixed Platforms.Build.0 = Release|Win32
		{BD9D2DB8-37FB-4A5C-A664-14C45DB156A0}.Release|Win32.ActiveCfg = Release|Win32
		{BD9D2DB8-37FB-4A5C-A664-14C45DB156A0}.Release|Win32.Build.0 = Release|Win32
		{BD9D2DB8-37FB-4A5C-A664-14C45DB156A0}.Release|x64.ActiveCfg = Release|Win32
	EndGlobalSection
	GlobalSection(SolutionProperties) = preSolution
		HideSolutionNode = FALSE
	EndGlobalSection
	GlobalSection(NestedProjects) = preSolution
		{F59A886F-27B8-4063-B9EA-203B141C3B79} = {873F1DFA-D35C-41AC-90AC-1D57C7A7446E}
		{476FF767-C0EB-4FF3-842D-77CF20D6B7A7} = {873F1DFA-D35C-41AC-90AC-1D57C7A7446E}
		{72261194-2392-4836-BE10-5C5AEC3D6441} = {873F1DFA-D35C-41AC-90AC-1D57C7A7446E}
		{3E1C6602-CD8F-44AD-95BF-87D644340129} = {873F1DFA-D35C-41AC-90AC-1D57C7A7446E}
		{4600600F-163B-4DAF-A547-7282C47F4FE6} = {873F1DFA-D35C-41AC-90AC-1D57C7A7446E}
		{DE6FB2FA-A327-4BC2-A476-80388F979537} = {873F1DFA-D35C-41AC-90AC-1D57C7A7446E}
		{8C10E201-AE29-4EE2-8B75-0C0469DADB9E} = {873F1DFA-D35C-41AC-90AC-1D57C7A7446E}
		{51E6F88C-CB9C-47AA-9900-5DC904AE16BF} = {873F1DFA-D35C-41AC-90AC-1D57C7A7446E}
		{9E5E0D86-AC3C-4A81-9539-E6F3BDDC951A} = {873F1DFA-D35C-41AC-90AC-1D57C7A7446E}
		{AAA9B681-B0D8-4B56-86BF-6F12CC95D585} = {873F1DFA-D35C-41AC-90AC-1D57C7A7446E}
		{BD9D2DB8-37FB-4A5C-A664-14C45DB156A0} = {873F1DFA-D35C-41AC-90AC-1D57C7A7446E}
	EndGlobalSection
EndGlobal
